// !$*UTF8*$!
{
	archiveVersion = 1;
	classes = {
	};
	objectVersion = 55;
	objects = {

/* Begin PBXBuildFile section */
		708485ED27BD01F900EF869F /* AppDelegate.swift in Sources */ = {isa = PBXBuildFile; fileRef = 708485EC27BD01F900EF869F /* AppDelegate.swift */; };
		708485F127BD01F900EF869F /* StackViewController.swift in Sources */ = {isa = PBXBuildFile; fileRef = 708485F027BD01F900EF869F /* StackViewController.swift */; };
		708485F627BD01FA00EF869F /* Assets.xcassets in Resources */ = {isa = PBXBuildFile; fileRef = 708485F527BD01FA00EF869F /* Assets.xcassets */; };
		708485F927BD01FA00EF869F /* LaunchScreen.storyboard in Resources */ = {isa = PBXBuildFile; fileRef = 708485F727BD01FA00EF869F /* LaunchScreen.storyboard */; };
		7084860427BD01FB00EF869F /* StoryPromptFTests.swift in Sources */ = {isa = PBXBuildFile; fileRef = 7084860327BD01FB00EF869F /* StoryPromptFTests.swift */; };
		7084860E27BD01FB00EF869F /* StoryPromptFUITests.swift in Sources */ = {isa = PBXBuildFile; fileRef = 7084860D27BD01FB00EF869F /* StoryPromptFUITests.swift */; };
		7084861027BD01FB00EF869F /* StoryPromptFUITestsLaunchTests.swift in Sources */ = {isa = PBXBuildFile; fileRef = 7084860F27BD01FB00EF869F /* StoryPromptFUITestsLaunchTests.swift */; };
		7084861D27BD029C00EF869F /* ContainerView.swift in Sources */ = {isa = PBXBuildFile; fileRef = 7084861C27BD029C00EF869F /* ContainerView.swift */; };
/* End PBXBuildFile section */

/* Begin PBXContainerItemProxy section */
		7084860027BD01FB00EF869F /* PBXContainerItemProxy */ = {
			isa = PBXContainerItemProxy;
			containerPortal = 708485E127BD01F900EF869F /* Project object */;
			proxyType = 1;
			remoteGlobalIDString = 708485E827BD01F900EF869F;
			remoteInfo = StoryPromptF;
		};
		7084860A27BD01FB00EF869F /* PBXContainerItemProxy */ = {
			isa = PBXContainerItemProxy;
			containerPortal = 708485E127BD01F900EF869F /* Project object */;
			proxyType = 1;
			remoteGlobalIDString = 708485E827BD01F900EF869F;
			remoteInfo = StoryPromptF;
		};
/* End PBXContainerItemProxy section */

/* Begin PBXFileReference section */
		708485E927BD01F900EF869F /* StoryPromptF.app */ = {isa = PBXFileReference; explicitFileType = wrapper.application; includeInIndex = 0; path = StoryPromptF.app; sourceTree = BUILT_PRODUCTS_DIR; };
		708485EC27BD01F900EF869F /* AppDelegate.swift */ = {isa = PBXFileReference; lastKnownFileType = sourcecode.swift; path = AppDelegate.swift; sourceTree = "<group>"; };
		708485F027BD01F900EF869F /* StackViewController.swift */ = {isa = PBXFileReference; lastKnownFileType = sourcecode.swift; path = StackViewController.swift; sourceTree = "<group>"; };
		708485F527BD01FA00EF869F /* Assets.xcassets */ = {isa = PBXFileReference; lastKnownFileType = folder.assetcatalog; path = Assets.xcassets; sourceTree = "<group>"; };
		708485F827BD01FA00EF869F /* Base */ = {isa = PBXFileReference; lastKnownFileType = file.storyboard; name = Base; path = Base.lproj/LaunchScreen.storyboard; sourceTree = "<group>"; };
		708485FA27BD01FA00EF869F /* Info.plist */ = {isa = PBXFileReference; lastKnownFileType = text.plist.xml; path = Info.plist; sourceTree = "<group>"; };
		708485FF27BD01FB00EF869F /* StoryPromptFTests.xctest */ = {isa = PBXFileReference; explicitFileType = wrapper.cfbundle; includeInIndex = 0; path = StoryPromptFTests.xctest; sourceTree = BUILT_PRODUCTS_DIR; };
		7084860327BD01FB00EF869F /* StoryPromptFTests.swift */ = {isa = PBXFileReference; lastKnownFileType = sourcecode.swift; path = StoryPromptFTests.swift; sourceTree = "<group>"; };
		7084860927BD01FB00EF869F /* StoryPromptFUITests.xctest */ = {isa = PBXFileReference; explicitFileType = wrapper.cfbundle; includeInIndex = 0; path = StoryPromptFUITests.xctest; sourceTree = BUILT_PRODUCTS_DIR; };
		7084860D27BD01FB00EF869F /* StoryPromptFUITests.swift */ = {isa = PBXFileReference; lastKnownFileType = sourcecode.swift; path = StoryPromptFUITests.swift; sourceTree = "<group>"; };
		7084860F27BD01FB00EF869F /* StoryPromptFUITestsLaunchTests.swift */ = {isa = PBXFileReference; lastKnownFileType = sourcecode.swift; path = StoryPromptFUITestsLaunchTests.swift; sourceTree = "<group>"; };
		7084861C27BD029C00EF869F /* ContainerView.swift */ = {isa = PBXFileReference; lastKnownFileType = sourcecode.swift; path = ContainerView.swift; sourceTree = "<group>"; };
/* End PBXFileReference section */

/* Begin PBXFrameworksBuildPhase section */
		708485E627BD01F900EF869F /* Frameworks */ = {
			isa = PBXFrameworksBuildPhase;
			buildActionMask = 2147483647;
			files = (
			);
			runOnlyForDeploymentPostprocessing = 0;
		};
		708485FC27BD01FB00EF869F /* Frameworks */ = {
			isa = PBXFrameworksBuildPhase;
			buildActionMask = 2147483647;
			files = (
			);
			runOnlyForDeploymentPostprocessing = 0;
		};
		7084860627BD01FB00EF869F /* Frameworks */ = {
			isa = PBXFrameworksBuildPhase;
			buildActionMask = 2147483647;
			files = (
			);
			runOnlyForDeploymentPostprocessing = 0;
		};
/* End PBXFrameworksBuildPhase section */

/* Begin PBXGroup section */
		708485E027BD01F900EF869F = {
			isa = PBXGroup;
			children = (
				708485EB27BD01F900EF869F /* StoryPromptF */,
				7084860227BD01FB00EF869F /* StoryPromptFTests */,
				7084860C27BD01FB00EF869F /* StoryPromptFUITests */,
				708485EA27BD01F900EF869F /* Products */,
			);
			sourceTree = "<group>";
		};
		708485EA27BD01F900EF869F /* Products */ = {
			isa = PBXGroup;
			children = (
				708485E927BD01F900EF869F /* StoryPromptF.app */,
				708485FF27BD01FB00EF869F /* StoryPromptFTests.xctest */,
				7084860927BD01FB00EF869F /* StoryPromptFUITests.xctest */,
			);
			name = Products;
			sourceTree = "<group>";
		};
		708485EB27BD01F900EF869F /* StoryPromptF */ = {
			isa = PBXGroup;
			children = (
				7084861F27BD02FB00EF869F /* StackView */,
				7084861E27BD02E500EF869F /* Files */,
				708485EC27BD01F900EF869F /* AppDelegate.swift */,
			);
			path = StoryPromptF;
			sourceTree = "<group>";
		};
		7084860227BD01FB00EF869F /* StoryPromptFTests */ = {
			isa = PBXGroup;
			children = (
				7084860327BD01FB00EF869F /* StoryPromptFTests.swift */,
			);
			path = StoryPromptFTests;
			sourceTree = "<group>";
		};
		7084860C27BD01FB00EF869F /* StoryPromptFUITests */ = {
			isa = PBXGroup;
			children = (
				7084860D27BD01FB00EF869F /* StoryPromptFUITests.swift */,
				7084860F27BD01FB00EF869F /* StoryPromptFUITestsLaunchTests.swift */,
			);
			path = StoryPromptFUITests;
			sourceTree = "<group>";
		};
		7084861E27BD02E500EF869F /* Files */ = {
			isa = PBXGroup;
			children = (
				708485F527BD01FA00EF869F /* Assets.xcassets */,
				708485F727BD01FA00EF869F /* LaunchScreen.storyboard */,
				708485FA27BD01FA00EF869F /* Info.plist */,
			);
			name = Files;
			sourceTree = "<group>";
		};
		7084861F27BD02FB00EF869F /* StackView */ = {
			isa = PBXGroup;
			children = (
				708485F027BD01F900EF869F /* StackViewController.swift */,
				7084861C27BD029C00EF869F /* ContainerView.swift */,
			);
			name = StackView;
			sourceTree = "<group>";
		};
/* End PBXGroup section */

/* Begin PBXNativeTarget section */
		708485E827BD01F900EF869F /* StoryPromptF */ = {
			isa = PBXNativeTarget;
			buildConfigurationList = 7084861327BD01FB00EF869F /* Build configuration list for PBXNativeTarget "StoryPromptF" */;
			buildPhases = (
				708485E527BD01F900EF869F /* Sources */,
				708485E627BD01F900EF869F /* Frameworks */,
				708485E727BD01F900EF869F /* Resources */,
			);
			buildRules = (
			);
			dependencies = (
			);
			name = StoryPromptF;
			productName = StoryPromptF;
			productReference = 708485E927BD01F900EF869F /* StoryPromptF.app */;
			productType = "com.apple.product-type.application";
		};
		708485FE27BD01FB00EF869F /* StoryPromptFTests */ = {
			isa = PBXNativeTarget;
			buildConfigurationList = 7084861627BD01FB00EF869F /* Build configuration list for PBXNativeTarget "StoryPromptFTests" */;
			buildPhases = (
				708485FB27BD01FB00EF869F /* Sources */,
				708485FC27BD01FB00EF869F /* Frameworks */,
				708485FD27BD01FB00EF869F /* Resources */,
			);
			buildRules = (
			);
			dependencies = (
				7084860127BD01FB00EF869F /* PBXTargetDependency */,
			);
			name = StoryPromptFTests;
			productName = StoryPromptFTests;
			productReference = 708485FF27BD01FB00EF869F /* StoryPromptFTests.xctest */;
			productType = "com.apple.product-type.bundle.unit-test";
		};
		7084860827BD01FB00EF869F /* StoryPromptFUITests */ = {
			isa = PBXNativeTarget;
			buildConfigurationList = 7084861927BD01FB00EF869F /* Build configuration list for PBXNativeTarget "StoryPromptFUITests" */;
			buildPhases = (
				7084860527BD01FB00EF869F /* Sources */,
				7084860627BD01FB00EF869F /* Frameworks */,
				7084860727BD01FB00EF869F /* Resources */,
			);
			buildRules = (
			);
			dependencies = (
				7084860B27BD01FB00EF869F /* PBXTargetDependency */,
			);
			name = StoryPromptFUITests;
			productName = StoryPromptFUITests;
			productReference = 7084860927BD01FB00EF869F /* StoryPromptFUITests.xctest */;
			productType = "com.apple.product-type.bundle.ui-testing";
		};
/* End PBXNativeTarget section */

/* Begin PBXProject section */
		708485E127BD01F900EF869F /* Project object */ = {
			isa = PBXProject;
			attributes = {
				BuildIndependentTargetsInParallel = 1;
				LastSwiftUpdateCheck = 1320;
				LastUpgradeCheck = 1320;
				TargetAttributes = {
					708485E827BD01F900EF869F = {
						CreatedOnToolsVersion = 13.2.1;
					};
					708485FE27BD01FB00EF869F = {
						CreatedOnToolsVersion = 13.2.1;
						TestTargetID = 708485E827BD01F900EF869F;
					};
					7084860827BD01FB00EF869F = {
						CreatedOnToolsVersion = 13.2.1;
						TestTargetID = 708485E827BD01F900EF869F;
					};
				};
			};
			buildConfigurationList = 708485E427BD01F900EF869F /* Build configuration list for PBXProject "StoryPromptF" */;
			compatibilityVersion = "Xcode 13.0";
			developmentRegion = en;
			hasScannedForEncodings = 0;
			knownRegions = (
				en,
				Base,
			);
			mainGroup = 708485E027BD01F900EF869F;
			productRefGroup = 708485EA27BD01F900EF869F /* Products */;
			projectDirPath = "";
			projectRoot = "";
			targets = (
				708485E827BD01F900EF869F /* StoryPromptF */,
				708485FE27BD01FB00EF869F /* StoryPromptFTests */,
				7084860827BD01FB00EF869F /* StoryPromptFUITests */,
			);
		};
/* End PBXProject section */

/* Begin PBXResourcesBuildPhase section */
		708485E727BD01F900EF869F /* Resources */ = {
			isa = PBXResourcesBuildPhase;
			buildActionMask = 2147483647;
			files = (
				708485F927BD01FA00EF869F /* LaunchScreen.storyboard in Resources */,
				708485F627BD01FA00EF869F /* Assets.xcassets in Resources */,
			);
			runOnlyForDeploymentPostprocessing = 0;
		};
		708485FD27BD01FB00EF869F /* Resources */ = {
			isa = PBXResourcesBuildPhase;
			buildActionMask = 2147483647;
			files = (
			);
			runOnlyForDeploymentPostprocessing = 0;
		};
		7084860727BD01FB00EF869F /* Resources */ = {
			isa = PBXResourcesBuildPhase;
			buildActionMask = 2147483647;
			files = (
			);
			runOnlyForDeploymentPostprocessing = 0;
		};
/* End PBXResourcesBuildPhase section */

/* Begin PBXSourcesBuildPhase section */
		708485E527BD01F900EF869F /* Sources */ = {
			isa = PBXSourcesBuildPhase;
			buildActionMask = 2147483647;
			files = (
				708485F127BD01F900EF869F /* StackViewController.swift in Sources */,
				708485ED27BD01F900EF869F /* AppDelegate.swift in Sources */,
				7084861D27BD029C00EF869F /* ContainerView.swift in Sources */,
			);
			runOnlyForDeploymentPostprocessing = 0;
		};
		708485FB27BD01FB00EF869F /* Sources */ = {
			isa = PBXSourcesBuildPhase;
			buildActionMask = 2147483647;
			files = (
				7084860427BD01FB00EF869F /* StoryPromptFTests.swift in Sources */,
			);
			runOnlyForDeploymentPostprocessing = 0;
		};
		7084860527BD01FB00EF869F /* Sources */ = {
			isa = PBXSourcesBuildPhase;
			buildActionMask = 2147483647;
			files = (
				7084860E27BD01FB00EF869F /* StoryPromptFUITests.swift in Sources */,
				7084861027BD01FB00EF869F /* StoryPromptFUITestsLaunchTests.swift in Sources */,
			);
			runOnlyForDeploymentPostprocessing = 0;
		};
/* End PBXSourcesBuildPhase section */

/* Begin PBXTargetDependency section */
		7084860127BD01FB00EF869F /* PBXTargetDependency */ = {
			isa = PBXTargetDependency;
			target = 708485E827BD01F900EF869F /* StoryPromptF */;
			targetProxy = 7084860027BD01FB00EF869F /* PBXContainerItemProxy */;
		};
		7084860B27BD01FB00EF869F /* PBXTargetDependency */ = {
			isa = PBXTargetDependency;
			target = 708485E827BD01F900EF869F /* StoryPromptF */;
			targetProxy = 7084860A27BD01FB00EF869F /* PBXContainerItemProxy */;
		};
/* End PBXTargetDependency section */

/* Begin PBXVariantGroup section */
		708485F727BD01FA00EF869F /* LaunchScreen.storyboard */ = {
			isa = PBXVariantGroup;
			children = (
				708485F827BD01FA00EF869F /* Base */,
			);
			name = LaunchScreen.storyboard;
			sourceTree = "<group>";
		};
/* End PBXVariantGroup section */

/* Begin XCBuildConfiguration section */
		7084861127BD01FB00EF869F /* Debug */ = {
			isa = XCBuildConfiguration;
			buildSettings = {
				ALWAYS_SEARCH_USER_PATHS = NO;
				CLANG_ANALYZER_NONNULL = YES;
				CLANG_ANALYZER_NUMBER_OBJECT_CONVERSION = YES_AGGRESSIVE;
				CLANG_CXX_LANGUAGE_STANDARD = "gnu++17";
				CLANG_CXX_LIBRARY = "libc++";
				CLANG_ENABLE_MODULES = YES;
				CLANG_ENABLE_OBJC_ARC = YES;
				CLANG_ENABLE_OBJC_WEAK = YES;
				CLANG_WARN_BLOCK_CAPTURE_AUTORELEASING = YES;
				CLANG_WARN_BOOL_CONVERSION = YES;
				CLANG_WARN_COMMA = YES;
				CLANG_WARN_CONSTANT_CONVERSION = YES;
				CLANG_WARN_DEPRECATED_OBJC_IMPLEMENTATIONS = YES;
				CLANG_WARN_DIRECT_OBJC_ISA_USAGE = YES_ERROR;
				CLANG_WARN_DOCUMENTATION_COMMENTS = YES;
				CLANG_WARN_EMPTY_BODY = YES;
				CLANG_WARN_ENUM_CONVERSION = YES;
				CLANG_WARN_INFINITE_RECURSION = YES;
				CLANG_WARN_INT_CONVERSION = YES;
				CLANG_WARN_NON_LITERAL_NULL_CONVERSION = YES;
				CLANG_WARN_OBJC_IMPLICIT_RETAIN_SELF = YES;
				CLANG_WARN_OBJC_LITERAL_CONVERSION = YES;
				CLANG_WARN_OBJC_ROOT_CLASS = YES_ERROR;
				CLANG_WARN_QUOTED_INCLUDE_IN_FRAMEWORK_HEADER = YES;
				CLANG_WARN_RANGE_LOOP_ANALYSIS = YES;
				CLANG_WARN_STRICT_PROTOTYPES = YES;
				CLANG_WARN_SUSPICIOUS_MOVE = YES;
				CLANG_WARN_UNGUARDED_AVAILABILITY = YES_AGGRESSIVE;
				CLANG_WARN_UNREACHABLE_CODE = YES;
				CLANG_WARN__DUPLICATE_METHOD_MATCH = YES;
				COPY_PHASE_STRIP = NO;
				DEBUG_INFORMATION_FORMAT = dwarf;
				ENABLE_STRICT_OBJC_MSGSEND = YES;
				ENABLE_TESTABILITY = YES;
				GCC_C_LANGUAGE_STANDARD = gnu11;
				GCC_DYNAMIC_NO_PIC = NO;
				GCC_NO_COMMON_BLOCKS = YES;
				GCC_OPTIMIZATION_LEVEL = 0;
				GCC_PREPROCESSOR_DEFINITIONS = (
					"DEBUG=1",
					"$(inherited)",
				);
				GCC_WARN_64_TO_32_BIT_CONVERSION = YES;
				GCC_WARN_ABOUT_RETURN_TYPE = YES_ERROR;
				GCC_WARN_UNDECLARED_SELECTOR = YES;
				GCC_WARN_UNINITIALIZED_AUTOS = YES_AGGRESSIVE;
				GCC_WARN_UNUSED_FUNCTION = YES;
				GCC_WARN_UNUSED_VARIABLE = YES;
				IPHONEOS_DEPLOYMENT_TARGET = 15.2;
				MTL_ENABLE_DEBUG_INFO = INCLUDE_SOURCE;
				MTL_FAST_MATH = YES;
				ONLY_ACTIVE_ARCH = YES;
				SDKROOT = iphoneos;
				SWIFT_ACTIVE_COMPILATION_CONDITIONS = DEBUG;
				SWIFT_OPTIMIZATION_LEVEL = "-Onone";
			};
			name = Debug;
		};
		7084861227BD01FB00EF869F /* Release */ = {
			isa = XCBuildConfiguration;
			buildSettings = {
				ALWAYS_SEARCH_USER_PATHS = NO;
				CLANG_ANALYZER_NONNULL = YES;
				CLANG_ANALYZER_NUMBER_OBJECT_CONVERSION = YES_AGGRESSIVE;
				CLANG_CXX_LANGUAGE_STANDARD = "gnu++17";
				CLANG_CXX_LIBRARY = "libc++";
				CLANG_ENABLE_MODULES = YES;
				CLANG_ENABLE_OBJC_ARC = YES;
				CLANG_ENABLE_OBJC_WEAK = YES;
				CLANG_WARN_BLOCK_CAPTURE_AUTORELEASING = YES;
				CLANG_WARN_BOOL_CONVERSION = YES;
				CLANG_WARN_COMMA = YES;
				CLANG_WARN_CONSTANT_CONVERSION = YES;
				CLANG_WARN_DEPRECATED_OBJC_IMPLEMENTATIONS = YES;
				CLANG_WARN_DIRECT_OBJC_ISA_USAGE = YES_ERROR;
				CLANG_WARN_DOCUMENTATION_COMMENTS = YES;
				CLANG_WARN_EMPTY_BODY = YES;
				CLANG_WARN_ENUM_CONVERSION = YES;
				CLANG_WARN_INFINITE_RECURSION = YES;
				CLANG_WARN_INT_CONVERSION = YES;
				CLANG_WARN_NON_LITERAL_NULL_CONVERSION = YES;
				CLANG_WARN_OBJC_IMPLICIT_RETAIN_SELF = YES;
				CLANG_WARN_OBJC_LITERAL_CONVERSION = YES;
				CLANG_WARN_OBJC_ROOT_CLASS = YES_ERROR;
				CLANG_WARN_QUOTED_INCLUDE_IN_FRAMEWORK_HEADER = YES;
				CLANG_WARN_RANGE_LOOP_ANALYSIS = YES;
				CLANG_WARN_STRICT_PROTOTYPES = YES;
				CLANG_WARN_SUSPICIOUS_MOVE = YES;
				CLANG_WARN_UNGUARDED_AVAILABILITY = YES_AGGRESSIVE;
				CLANG_WARN_UNREACHABLE_CODE = YES;
				CLANG_WARN__DUPLICATE_METHOD_MATCH = YES;
				COPY_PHASE_STRIP = NO;
				DEBUG_INFORMATION_FORMAT = "dwarf-with-dsym";
				ENABLE_NS_ASSERTIONS = NO;
				ENABLE_STRICT_OBJC_MSGSEND = YES;
				GCC_C_LANGUAGE_STANDARD = gnu11;
				GCC_NO_COMMON_BLOCKS = YES;
				GCC_WARN_64_TO_32_BIT_CONVERSION = YES;
				GCC_WARN_ABOUT_RETURN_TYPE = YES_ERROR;
				GCC_WARN_UNDECLARED_SELECTOR = YES;
				GCC_WARN_UNINITIALIZED_AUTOS = YES_AGGRESSIVE;
				GCC_WARN_UNUSED_FUNCTION = YES;
				GCC_WARN_UNUSED_VARIABLE = YES;
				IPHONEOS_DEPLOYMENT_TARGET = 15.2;
				MTL_ENABLE_DEBUG_INFO = NO;
				MTL_FAST_MATH = YES;
				SDKROOT = iphoneos;
				SWIFT_COMPILATION_MODE = wholemodule;
				SWIFT_OPTIMIZATION_LEVEL = "-O";
				VALIDATE_PRODUCT = YES;
			};
			name = Release;
		};
		7084861427BD01FB00EF869F /* Debug */ = {
			isa = XCBuildConfiguration;
			buildSettings = {
				ASSETCATALOG_COMPILER_APPICON_NAME = AppIcon;
				ASSETCATALOG_COMPILER_GLOBAL_ACCENT_COLOR_NAME = AccentColor;
				CODE_SIGN_STYLE = Automatic;
				CURRENT_PROJECT_VERSION = 1;
				DEVELOPMENT_TEAM = AN64UY2WGB;
				GENERATE_INFOPLIST_FILE = YES;
				INFOPLIST_FILE = StoryPromptF/Info.plist;
				INFOPLIST_KEY_UIApplicationSupportsIndirectInputEvents = YES;
				INFOPLIST_KEY_UILaunchStoryboardName = LaunchScreen;
				INFOPLIST_KEY_UISupportedInterfaceOrientations_iPad = "UIInterfaceOrientationPortrait UIInterfaceOrientationPortraitUpsideDown UIInterfaceOrientationLandscapeLeft UIInterfaceOrientationLandscapeRight";
				INFOPLIST_KEY_UISupportedInterfaceOrientations_iPhone = "UIInterfaceOrientationPortrait UIInterfaceOrientationLandscapeLeft UIInterfaceOrientationLandscapeRight";
				LD_RUNPATH_SEARCH_PATHS = (
					"$(inherited)",
					"@executable_path/Frameworks",
				);
				MARKETING_VERSION = 1.0;
				PRODUCT_BUNDLE_IDENTIFIER = koo.StoryPromptF;
				PRODUCT_NAME = "$(TARGET_NAME)";
				SWIFT_EMIT_LOC_STRINGS = YES;
				SWIFT_VERSION = 5.0;
				TARGETED_DEVICE_FAMILY = "1,2";
			};
			name = Debug;
		};
		7084861527BD01FB00EF869F /* Release */ = {
			isa = XCBuildConfiguration;
			buildSettings = {
				ASSETCATALOG_COMPILER_APPICON_NAME = AppIcon;
				ASSETCATALOG_COMPILER_GLOBAL_ACCENT_COLOR_NAME = AccentColor;
				CODE_SIGN_STYLE = Automatic;
				CURRENT_PROJECT_VERSION = 1;
				DEVELOPMENT_TEAM = AN64UY2WGB;
				GENERATE_INFOPLIST_FILE = YES;
				INFOPLIST_FILE = StoryPromptF/Info.plist;
				INFOPLIST_KEY_UIApplicationSupportsIndirectInputEvents = YES;
				INFOPLIST_KEY_UILaunchStoryboardName = LaunchScreen;
				INFOPLIST_KEY_UISupportedInterfaceOrientations_iPad = "UIInterfaceOrientationPortrait UIInterfaceOrientationPortraitUpsideDown UIInterfaceOrientationLandscapeLeft UIInterfaceOrientationLandscapeRight";
				INFOPLIST_KEY_UISupportedInterfaceOrientations_iPhone = "UIInterfaceOrientationPortrait UIInterfaceOrientationLandscapeLeft UIInterfaceOrientationLandscapeRight";
				LD_RUNPATH_SEARCH_PATHS = (
					"$(inherited)",
					"@executable_path/Frameworks",
				);
				MARKETING_VERSION = 1.0;
				PRODUCT_BUNDLE_IDENTIFIER = koo.StoryPromptF;
				PRODUCT_NAME = "$(TARGET_NAME)";
				SWIFT_EMIT_LOC_STRINGS = YES;
				SWIFT_VERSION = 5.0;
				TARGETED_DEVICE_FAMILY = "1,2";
			};
			name = Release;
		};
		7084861727BD01FB00EF869F /* Debug */ = {
			isa = XCBuildConfiguration;
			buildSettings = {
				ALWAYS_EMBED_SWIFT_STANDARD_LIBRARIES = YES;
				BUNDLE_LOADER = "$(TEST_HOST)";
				CODE_SIGN_STYLE = Automatic;
				CURRENT_PROJECT_VERSION = 1;
				DEVELOPMENT_TEAM = AN64UY2WGB;
				GENERATE_INFOPLIST_FILE = YES;
				IPHONEOS_DEPLOYMENT_TARGET = 15.2;
				MARKETING_VERSION = 1.0;
				PRODUCT_BUNDLE_IDENTIFIER = koo.StoryPromptFTests;
				PRODUCT_NAME = "$(TARGET_NAME)";
				SWIFT_EMIT_LOC_STRINGS = NO;
				SWIFT_VERSION = 5.0;
				TARGETED_DEVICE_FAMILY = "1,2";
				TEST_HOST = "$(BUILT_PRODUCTS_DIR)/StoryPromptF.app/StoryPromptF";
			};
			name = Debug;
		};
		7084861827BD01FB00EF869F /* Release */ = {
			isa = XCBuildConfiguration;
			buildSettings = {
				ALWAYS_EMBED_SWIFT_STANDARD_LIBRARIES = YES;
				BUNDLE_LOADER = "$(TEST_HOST)";
				CODE_SIGN_STYLE = Automatic;
				CURRENT_PROJECT_VERSION = 1;
				DEVELOPMENT_TEAM = AN64UY2WGB;
				GENERATE_INFOPLIST_FILE = YES;
				IPHONEOS_DEPLOYMENT_TARGET = 15.2;
				MARKETING_VERSION = 1.0;
				PRODUCT_BUNDLE_IDENTIFIER = koo.StoryPromptFTests;
				PRODUCT_NAME = "$(TARGET_NAME)";
				SWIFT_EMIT_LOC_STRINGS = NO;
				SWIFT_VERSION = 5.0;
				TARGETED_DEVICE_FAMILY = "1,2";
				TEST_HOST = "$(BUILT_PRODUCTS_DIR)/StoryPromptF.app/StoryPromptF";
			};
			name = Release;
		};
		7084861A27BD01FB00EF869F /* Debug */ = {
			isa = XCBuildConfiguration;
			buildSettings = {
				ALWAYS_EMBED_SWIFT_STANDARD_LIBRARIES = YES;
				CODE_SIGN_STYLE = Automatic;
				CURRENT_PROJECT_VERSION = 1;
				DEVELOPMENT_TEAM = AN64UY2WGB;
				GENERATE_INFOPLIST_FILE = YES;
				MARKETING_VERSION = 1.0;
				PRODUCT_BUNDLE_IDENTIFIER = koo.StoryPromptFUITests;
				PRODUCT_NAME = "$(TARGET_NAME)";
				SWIFT_EMIT_LOC_STRINGS = NO;
				SWIFT_VERSION = 5.0;
				TARGETED_DEVICE_FAMILY = "1,2";
				TEST_TARGET_NAME = StoryPromptF;
			};
			name = Debug;
		};
		7084861B27BD01FB00EF869F /* Release */ = {
			isa = XCBuildConfiguration;
			buildSettings = {
				ALWAYS_EMBED_SWIFT_STANDARD_LIBRARIES = YES;
				CODE_SIGN_STYLE = Automatic;
				CURRENT_PROJECT_VERSION = 1;
				DEVELOPMENT_TEAM = AN64UY2WGB;
				GENERATE_INFOPLIST_FILE = YES;
				MARKETING_VERSION = 1.0;
				PRODUCT_BUNDLE_IDENTIFIER = koo.StoryPromptFUITests;
				PRODUCT_NAME = "$(TARGET_NAME)";
				SWIFT_EMIT_LOC_STRINGS = NO;
				SWIFT_VERSION = 5.0;
				TARGETED_DEVICE_FAMILY = "1,2";
				TEST_TARGET_NAME = StoryPromptF;
			};
			name = Release;
		};
/* End XCBuildConfiguration section */

/* Begin XCConfigurationList section */
		708485E427BD01F900EF869F /* Build configuration list for PBXProject "StoryPromptF" */ = {
			isa = XCConfigurationList;
			buildConfigurations = (
				7084861127BD01FB00EF869F /* Debug */,
				7084861227BD01FB00EF869F /* Release */,
			);
			defaultConfigurationIsVisible = 0;
			defaultConfigurationName = Release;
		};
		7084861327BD01FB00EF869F /* Build configuration list for PBXNativeTarget "StoryPromptF" */ = {
			isa = XCConfigurationList;
			buildConfigurations = (
				7084861427BD01FB00EF869F /* Debug */,
				7084861527BD01FB00EF869F /* Release */,
			);
			defaultConfigurationIsVisible = 0;
			defaultConfigurationName = Release;
		};
		7084861627BD01FB00EF869F /* Build configuration list for PBXNativeTarget "StoryPromptFTests" */ = {
			isa = XCConfigurationList;
			buildConfigurations = (
				7084861727BD01FB00EF869F /* Debug */,
				7084861827BD01FB00EF869F /* Release */,
			);
			defaultConfigurationIsVisible = 0;
			defaultConfigurationName = Release;
		};
		7084861927BD01FB00EF869F /* Build configuration list for PBXNativeTarget "StoryPromptFUITests" */ = {
			isa = XCConfigurationList;
			buildConfigurations = (
				7084861A27BD01FB00EF869F /* Debug */,
				7084861B27BD01FB00EF869F /* Release */,
			);
			defaultConfigurationIsVisible = 0;
			defaultConfigurationName = Release;
		};
/* End XCConfigurationList section */
	};
	rootObject = 708485E127BD01F900EF869F /* Project object */;
}
